
Microsoft Visual Studio Solution File, Format Version 12.00
Project("{FAE04EC0-301F-11D3-BF4B-00C04F79EFBC}") = "AdventOfCodeDay4", "AdventOfCodeDay4.csproj", "{3147F9B3-BA1A-4490-A5BD-11F5E74215D4}"
EndProject
Global
	GlobalSection(SolutionConfigurationPlatforms) = preSolution
		Debug|Any CPU = Debug|Any CPU
		Release|Any CPU = Release|Any CPU
	EndGlobalSection
	GlobalSection(ProjectConfigurationPlatforms) = postSolution
		{3147F9B3-BA1A-4490-A5BD-11F5E74215D4}.Debug|Any CPU.ActiveCfg = Debug|Any CPU
		{3147F9B3-BA1A-4490-A5BD-11F5E74215D4}.Debug|Any CPU.Build.0 = Debug|Any CPU
		{3147F9B3-BA1A-4490-A5BD-11F5E74215D4}.Release|Any CPU.ActiveCfg = Release|Any CPU
		{3147F9B3-BA1A-4490-A5BD-11F5E74215D4}.Release|Any CPU.Build.0 = Release|Any CPU
	EndGlobalSection
EndGlobal
